
Microsoft Visual Studio Solution File, Format Version 12.00
# Visual Studio 2012
Project("{FAE04EC0-301F-11D3-BF4B-00C04F79EFBC}") = "AutoMaintenance", "AutoMaintenance\AutoMaintenance.csproj", "{52D61347-E194-4D3C-AC7D-8203B5DDDE0E}"
EndProject
Project("{FAE04EC0-301F-11D3-BF4B-00C04F79EFBC}") = "AutoMaintenance.Droid", "Droid\AutoMaintenance.Droid.csproj", "{9EF2928F-0B29-46A5-B409-90AA2575711D}"
EndProject
Global
	GlobalSection(SolutionConfigurationPlatforms) = preSolution
		Debug|Any CPU = Debug|Any CPU
		Release|Any CPU = Release|Any CPU
	EndGlobalSection
	GlobalSection(ProjectConfigurationPlatforms) = postSolution
		{52D61347-E194-4D3C-AC7D-8203B5DDDE0E}.Debug|Any CPU.ActiveCfg = Debug|Any CPU
		{52D61347-E194-4D3C-AC7D-8203B5DDDE0E}.Debug|Any CPU.Build.0 = Debug|Any CPU
		{52D61347-E194-4D3C-AC7D-8203B5DDDE0E}.Release|Any CPU.ActiveCfg = Release|Any CPU
		{52D61347-E194-4D3C-AC7D-8203B5DDDE0E}.Release|Any CPU.Build.0 = Release|Any CPU
		{9EF2928F-0B29-46A5-B409-90AA2575711D}.Debug|Any CPU.ActiveCfg = Debug|Any CPU
		{9EF2928F-0B29-46A5-B409-90AA2575711D}.Debug|Any CPU.Build.0 = Debug|Any CPU
		{9EF2928F-0B29-46A5-B409-90AA2575711D}.Release|Any CPU.ActiveCfg = Release|Any CPU
		{9EF2928F-0B29-46A5-B409-90AA2575711D}.Release|Any CPU.Build.0 = Release|Any CPU
	EndGlobalSection
EndGlobal
